
Microsoft Visual Studio Solution File, Format Version 12.00
# Visual Studio Version 17
VisualStudioVersion = 17.14.36203.30 d17.14
MinimumVisualStudioVersion = 10.0.40219.1
Project("{FAE04EC0-301F-11D3-BF4B-00C04F79EFBC}") = "Nvllesson10", "Nvllesson10\Nvllesson10.csproj", "{89FEB4EA-7998-4E4B-9002-85A110E5E99F}"
EndProject
Global
	GlobalSection(SolutionConfigurationPlatforms) = preSolution
		Debug|Any CPU = Debug|Any CPU
		Release|Any CPU = Release|Any CPU
	EndGlobalSection
	GlobalSection(ProjectConfigurationPlatforms) = postSolution
		{89FEB4EA-7998-4E4B-9002-85A110E5E99F}.Debug|Any CPU.ActiveCfg = Debug|Any CPU
		{89FEB4EA-7998-4E4B-9002-85A110E5E99F}.Debug|Any CPU.Build.0 = Debug|Any CPU
		{89FEB4EA-7998-4E4B-9002-85A110E5E99F}.Release|Any CPU.ActiveCfg = Release|Any CPU
		{89FEB4EA-7998-4E4B-9002-85A110E5E99F}.Release|Any CPU.Build.0 = Release|Any CPU
	EndGlobalSection
	GlobalSection(SolutionProperties) = preSolution
		HideSolutionNode = FALSE
	EndGlobalSection
	GlobalSection(ExtensibilityGlobals) = postSolution
		SolutionGuid = {9C9604DA-2174-4ACE-A3EB-02B9A498EC6C}
	EndGlobalSection
EndGlobal
