
Microsoft Visual Studio Solution File, Format Version 12.00
# Visual Studio Version 17
VisualStudioVersion = 17.14.36221.1 d17.14
MinimumVisualStudioVersion = 10.0.40219.1
Project("{FAE04EC0-301F-11D3-BF4B-00C04F79EFBC}") = "NguyenVanLuong_2310900060", "NguyenVanLuong_2310900060\NguyenVanLuong_2310900060.csproj", "{91745931-7E7C-4787-BCD2-4BBAA445BBFC}"
EndProject
Global
	GlobalSection(SolutionConfigurationPlatforms) = preSolution
		Debug|Any CPU = Debug|Any CPU
		Release|Any CPU = Release|Any CPU
	EndGlobalSection
	GlobalSection(ProjectConfigurationPlatforms) = postSolution
		{91745931-7E7C-4787-BCD2-4BBAA445BBFC}.Debug|Any CPU.ActiveCfg = Debug|Any CPU
		{91745931-7E7C-4787-BCD2-4BBAA445BBFC}.Debug|Any CPU.Build.0 = Debug|Any CPU
		{91745931-7E7C-4787-BCD2-4BBAA445BBFC}.Release|Any CPU.ActiveCfg = Release|Any CPU
		{91745931-7E7C-4787-BCD2-4BBAA445BBFC}.Release|Any CPU.Build.0 = Release|Any CPU
	EndGlobalSection
	GlobalSection(SolutionProperties) = preSolution
		HideSolutionNode = FALSE
	EndGlobalSection
	GlobalSection(ExtensibilityGlobals) = postSolution
		SolutionGuid = {70BDBA33-1736-4240-ADA7-DDBC8F3EAFC1}
	EndGlobalSection
EndGlobal
